// !$*UTF8*$!
{
	archiveVersion = 1;
	classes = {
	};
	objectVersion = 52;
	objects = {

/* Begin PBXBuildFile section */
		1702C2F4255ADF1500493E45 /* FavoriteCountries.swift in Sources */ = {isa = PBXBuildFile; fileRef = 1702C2F3255ADF1500493E45 /* FavoriteCountries.swift */; };
		173D56F02531C7D4006FAD3A /* SwiftUICharts in Frameworks */ = {isa = PBXBuildFile; productRef = 173D56EF2531C7D4006FAD3A /* SwiftUICharts */; };
		174E31DC2527B3AF00375DC3 /* CovidInfection.swift in Sources */ = {isa = PBXBuildFile; fileRef = 174E31DB2527B3AF00375DC3 /* CovidInfection.swift */; };
		174E31DF2527BD7500375DC3 /* Country.swift in Sources */ = {isa = PBXBuildFile; fileRef = 174E31DE2527BD7500375DC3 /* Country.swift */; };
		174E31ED2527C8DB00375DC3 /* CountryView.swift in Sources */ = {isa = PBXBuildFile; fileRef = 174E31EC2527C8DB00375DC3 /* CountryView.swift */; };
		1759056C254AF2520067984D /* NavigationBarColor.swift in Sources */ = {isa = PBXBuildFile; fileRef = 1759056B254AF2520067984D /* NavigationBarColor.swift */; };
		17590570254AF2D20067984D /* View.swift in Sources */ = {isa = PBXBuildFile; fileRef = 1759056F254AF2D20067984D /* View.swift */; };
		17590574254AF5010067984D /* Color.swift in Sources */ = {isa = PBXBuildFile; fileRef = 17590573254AF5010067984D /* Color.swift */; };
		17590578254AFD850067984D /* MaskView.swift in Sources */ = {isa = PBXBuildFile; fileRef = 17590577254AFD850067984D /* MaskView.swift */; };
		1759057B254AFE610067984D /* GlovesView.swift in Sources */ = {isa = PBXBuildFile; fileRef = 1759057A254AFE610067984D /* GlovesView.swift */; };
		1759057E254AFE890067984D /* AlcoholView.swift in Sources */ = {isa = PBXBuildFile; fileRef = 1759057D254AFE890067984D /* AlcoholView.swift */; };
		17590581254AFE9D0067984D /* SoapView.swift in Sources */ = {isa = PBXBuildFile; fileRef = 17590580254AFE9D0067984D /* SoapView.swift */; };
		17D93EDE2527116000E3BBC2 /* Covid19VirusTrackerApp.swift in Sources */ = {isa = PBXBuildFile; fileRef = 17D93EDD2527116000E3BBC2 /* Covid19VirusTrackerApp.swift */; };
		17D93EE02527116000E3BBC2 /* ContentView.swift in Sources */ = {isa = PBXBuildFile; fileRef = 17D93EDF2527116000E3BBC2 /* ContentView.swift */; };
		17D93EE22527116200E3BBC2 /* Assets.xcassets in Resources */ = {isa = PBXBuildFile; fileRef = 17D93EE12527116200E3BBC2 /* Assets.xcassets */; };
		17D93EE52527116200E3BBC2 /* Preview Assets.xcassets in Resources */ = {isa = PBXBuildFile; fileRef = 17D93EE42527116200E3BBC2 /* Preview Assets.xcassets */; };
		17D93EE72527116200E3BBC2 /* Persistence.swift in Sources */ = {isa = PBXBuildFile; fileRef = 17D93EE62527116200E3BBC2 /* Persistence.swift */; };
		17D93EEA2527116200E3BBC2 /* Covid19VirusTracker.xcdatamodeld in Sources */ = {isa = PBXBuildFile; fileRef = 17D93EE82527116200E3BBC2 /* Covid19VirusTracker.xcdatamodeld */; };
		17D93EF62527131000E3BBC2 /* WelcomeView.swift in Sources */ = {isa = PBXBuildFile; fileRef = 17D93EF52527131000E3BBC2 /* WelcomeView.swift */; };
		17D93EFA252731F500E3BBC2 /* HomeView.swift in Sources */ = {isa = PBXBuildFile; fileRef = 17D93EF9252731F500E3BBC2 /* HomeView.swift */; };
		17D93F01252732E600E3BBC2 /* Webservice.swift in Sources */ = {isa = PBXBuildFile; fileRef = 17D93F00252732E600E3BBC2 /* Webservice.swift */; };
		17FEE489252BB8CA004566D6 /* SymptomsView.swift in Sources */ = {isa = PBXBuildFile; fileRef = 17FEE488252BB8CA004566D6 /* SymptomsView.swift */; };
		17FEE48C252BB935004566D6 /* PreventionView.swift in Sources */ = {isa = PBXBuildFile; fileRef = 17FEE48B252BB935004566D6 /* PreventionView.swift */; };
		17FEE48F252BB942004566D6 /* ReportsView.swift in Sources */ = {isa = PBXBuildFile; fileRef = 17FEE48E252BB942004566D6 /* ReportsView.swift */; };
		17FEE492252BB962004566D6 /* CountryCovidView.swift in Sources */ = {isa = PBXBuildFile; fileRef = 17FEE491252BB962004566D6 /* CountryCovidView.swift */; };
		17FEE496252BBA5C004566D6 /* Constants.swift in Sources */ = {isa = PBXBuildFile; fileRef = 17FEE495252BBA5C004566D6 /* Constants.swift */; };
/* End PBXBuildFile section */

/* Begin PBXFileReference section */
		1702C2F3255ADF1500493E45 /* FavoriteCountries.swift */ = {isa = PBXFileReference; lastKnownFileType = sourcecode.swift; path = FavoriteCountries.swift; sourceTree = "<group>"; };
		174E31DB2527B3AF00375DC3 /* CovidInfection.swift */ = {isa = PBXFileReference; lastKnownFileType = sourcecode.swift; path = CovidInfection.swift; sourceTree = "<group>"; };
		174E31DE2527BD7500375DC3 /* Country.swift */ = {isa = PBXFileReference; lastKnownFileType = sourcecode.swift; path = Country.swift; sourceTree = "<group>"; };
		174E31EC2527C8DB00375DC3 /* CountryView.swift */ = {isa = PBXFileReference; lastKnownFileType = sourcecode.swift; path = CountryView.swift; sourceTree = "<group>"; };
		1759056B254AF2520067984D /* NavigationBarColor.swift */ = {isa = PBXFileReference; lastKnownFileType = sourcecode.swift; path = NavigationBarColor.swift; sourceTree = "<group>"; };
		1759056F254AF2D20067984D /* View.swift */ = {isa = PBXFileReference; lastKnownFileType = sourcecode.swift; path = View.swift; sourceTree = "<group>"; };
		17590573254AF5010067984D /* Color.swift */ = {isa = PBXFileReference; lastKnownFileType = sourcecode.swift; path = Color.swift; sourceTree = "<group>"; };
		17590577254AFD850067984D /* MaskView.swift */ = {isa = PBXFileReference; lastKnownFileType = sourcecode.swift; path = MaskView.swift; sourceTree = "<group>"; };
		1759057A254AFE610067984D /* GlovesView.swift */ = {isa = PBXFileReference; lastKnownFileType = sourcecode.swift; path = GlovesView.swift; sourceTree = "<group>"; };
		1759057D254AFE890067984D /* AlcoholView.swift */ = {isa = PBXFileReference; lastKnownFileType = sourcecode.swift; path = AlcoholView.swift; sourceTree = "<group>"; };
		17590580254AFE9D0067984D /* SoapView.swift */ = {isa = PBXFileReference; lastKnownFileType = sourcecode.swift; path = SoapView.swift; sourceTree = "<group>"; };
		17D93EDA2527116000E3BBC2 /* Covid19VirusTracker.app */ = {isa = PBXFileReference; explicitFileType = wrapper.application; includeInIndex = 0; path = Covid19VirusTracker.app; sourceTree = BUILT_PRODUCTS_DIR; };
		17D93EDD2527116000E3BBC2 /* Covid19VirusTrackerApp.swift */ = {isa = PBXFileReference; lastKnownFileType = sourcecode.swift; path = Covid19VirusTrackerApp.swift; sourceTree = "<group>"; };
		17D93EDF2527116000E3BBC2 /* ContentView.swift */ = {isa = PBXFileReference; lastKnownFileType = sourcecode.swift; path = ContentView.swift; sourceTree = "<group>"; };
		17D93EE12527116200E3BBC2 /* Assets.xcassets */ = {isa = PBXFileReference; lastKnownFileType = folder.assetcatalog; path = Assets.xcassets; sourceTree = "<group>"; };
		17D93EE42527116200E3BBC2 /* Preview Assets.xcassets */ = {isa = PBXFileReference; lastKnownFileType = folder.assetcatalog; path = "Preview Assets.xcassets"; sourceTree = "<group>"; };
		17D93EE62527116200E3BBC2 /* Persistence.swift */ = {isa = PBXFileReference; lastKnownFileType = sourcecode.swift; path = Persistence.swift; sourceTree = "<group>"; };
		17D93EE92527116200E3BBC2 /* Covid19VirusTracker.xcdatamodel */ = {isa = PBXFileReference; lastKnownFileType = wrapper.xcdatamodel; path = Covid19VirusTracker.xcdatamodel; sourceTree = "<group>"; };
		17D93EEB2527116200E3BBC2 /* Info.plist */ = {isa = PBXFileReference; lastKnownFileType = text.plist.xml; path = Info.plist; sourceTree = "<group>"; };
		17D93EF52527131000E3BBC2 /* WelcomeView.swift */ = {isa = PBXFileReference; lastKnownFileType = sourcecode.swift; path = WelcomeView.swift; sourceTree = "<group>"; };
		17D93EF9252731F500E3BBC2 /* HomeView.swift */ = {isa = PBXFileReference; lastKnownFileType = sourcecode.swift; path = HomeView.swift; sourceTree = "<group>"; };
		17D93F00252732E600E3BBC2 /* Webservice.swift */ = {isa = PBXFileReference; lastKnownFileType = sourcecode.swift; path = Webservice.swift; sourceTree = "<group>"; };
		17FEE488252BB8CA004566D6 /* SymptomsView.swift */ = {isa = PBXFileReference; lastKnownFileType = sourcecode.swift; path = SymptomsView.swift; sourceTree = "<group>"; };
		17FEE48B252BB935004566D6 /* PreventionView.swift */ = {isa = PBXFileReference; lastKnownFileType = sourcecode.swift; path = PreventionView.swift; sourceTree = "<group>"; };
		17FEE48E252BB942004566D6 /* ReportsView.swift */ = {isa = PBXFileReference; lastKnownFileType = sourcecode.swift; path = ReportsView.swift; sourceTree = "<group>"; };
		17FEE491252BB962004566D6 /* CountryCovidView.swift */ = {isa = PBXFileReference; lastKnownFileType = sourcecode.swift; path = CountryCovidView.swift; sourceTree = "<group>"; };
		17FEE495252BBA5C004566D6 /* Constants.swift */ = {isa = PBXFileReference; lastKnownFileType = sourcecode.swift; path = Constants.swift; sourceTree = "<group>"; };
/* End PBXFileReference section */

/* Begin PBXFrameworksBuildPhase section */
		17D93ED72527116000E3BBC2 /* Frameworks */ = {
			isa = PBXFrameworksBuildPhase;
			buildActionMask = 2147483647;
			files = (
				173D56F02531C7D4006FAD3A /* SwiftUICharts in Frameworks */,
			);
			runOnlyForDeploymentPostprocessing = 0;
		};
/* End PBXFrameworksBuildPhase section */

/* Begin PBXGroup section */
		1759056E254AF2C30067984D /* Extensions */ = {
			isa = PBXGroup;
			children = (
				1759056F254AF2D20067984D /* View.swift */,
				17590573254AF5010067984D /* Color.swift */,
			);
			path = Extensions;
			sourceTree = "<group>";
		};
		17590576254AFD600067984D /* Requirements */ = {
			isa = PBXGroup;
			children = (
				17590577254AFD850067984D /* MaskView.swift */,
				1759057A254AFE610067984D /* GlovesView.swift */,
				1759057D254AFE890067984D /* AlcoholView.swift */,
				17590580254AFE9D0067984D /* SoapView.swift */,
			);
			path = Requirements;
			sourceTree = "<group>";
		};
		17D93ED12527116000E3BBC2 = {
			isa = PBXGroup;
			children = (
				17D93EDC2527116000E3BBC2 /* Covid19VirusTracker */,
				17D93EDB2527116000E3BBC2 /* Products */,
			);
			sourceTree = "<group>";
		};
		17D93EDB2527116000E3BBC2 /* Products */ = {
			isa = PBXGroup;
			children = (
				17D93EDA2527116000E3BBC2 /* Covid19VirusTracker.app */,
			);
			name = Products;
			sourceTree = "<group>";
		};
		17D93EDC2527116000E3BBC2 /* Covid19VirusTracker */ = {
			isa = PBXGroup;
			children = (
				1759056E254AF2C30067984D /* Extensions */,
				17FEE494252BBA4A004566D6 /* Constants */,
				17D93EF2252711B500E3BBC2 /* Model */,
				17D93EF3252711BB00E3BBC2 /* View */,
				17D93EFF252732CA00E3BBC2 /* Network */,
				17D93EDD2527116000E3BBC2 /* Covid19VirusTrackerApp.swift */,
				17D93EE12527116200E3BBC2 /* Assets.xcassets */,
				17D93EE62527116200E3BBC2 /* Persistence.swift */,
				17D93EEB2527116200E3BBC2 /* Info.plist */,
				17D93EE82527116200E3BBC2 /* Covid19VirusTracker.xcdatamodeld */,
				17D93EE32527116200E3BBC2 /* Preview Content */,
			);
			path = Covid19VirusTracker;
			sourceTree = "<group>";
		};
		17D93EE32527116200E3BBC2 /* Preview Content */ = {
			isa = PBXGroup;
			children = (
				17D93EE42527116200E3BBC2 /* Preview Assets.xcassets */,
			);
			path = "Preview Content";
			sourceTree = "<group>";
		};
		17D93EF2252711B500E3BBC2 /* Model */ = {
			isa = PBXGroup;
			children = (
				174E31DB2527B3AF00375DC3 /* CovidInfection.swift */,
				174E31DE2527BD7500375DC3 /* Country.swift */,
			);
			path = Model;
			sourceTree = "<group>";
		};
		17D93EF3252711BB00E3BBC2 /* View */ = {
			isa = PBXGroup;
			children = (
				17590576254AFD600067984D /* Requirements */,
				17D93EDF2527116000E3BBC2 /* ContentView.swift */,
				17D93EF52527131000E3BBC2 /* WelcomeView.swift */,
				17D93EF9252731F500E3BBC2 /* HomeView.swift */,
				174E31EC2527C8DB00375DC3 /* CountryView.swift */,
				17FEE488252BB8CA004566D6 /* SymptomsView.swift */,
				17FEE48B252BB935004566D6 /* PreventionView.swift */,
				17FEE48E252BB942004566D6 /* ReportsView.swift */,
				17FEE491252BB962004566D6 /* CountryCovidView.swift */,
				1759056B254AF2520067984D /* NavigationBarColor.swift */,
				1702C2F3255ADF1500493E45 /* FavoriteCountries.swift */,
			);
			path = View;
			sourceTree = "<group>";
		};
		17D93EFF252732CA00E3BBC2 /* Network */ = {
			isa = PBXGroup;
			children = (
				17D93F00252732E600E3BBC2 /* Webservice.swift */,
			);
			path = Network;
			sourceTree = "<group>";
		};
		17FEE494252BBA4A004566D6 /* Constants */ = {
			isa = PBXGroup;
			children = (
				17FEE495252BBA5C004566D6 /* Constants.swift */,
			);
			path = Constants;
			sourceTree = "<group>";
		};
/* End PBXGroup section */

/* Begin PBXNativeTarget section */
		17D93ED92527116000E3BBC2 /* Covid19VirusTracker */ = {
			isa = PBXNativeTarget;
			buildConfigurationList = 17D93EEE2527116200E3BBC2 /* Build configuration list for PBXNativeTarget "Covid19VirusTracker" */;
			buildPhases = (
				17D93ED62527116000E3BBC2 /* Sources */,
				17D93ED72527116000E3BBC2 /* Frameworks */,
				17D93ED82527116000E3BBC2 /* Resources */,
			);
			buildRules = (
			);
			dependencies = (
			);
			name = Covid19VirusTracker;
			packageProductDependencies = (
				173D56EF2531C7D4006FAD3A /* SwiftUICharts */,
			);
			productName = Covid19VirusTracker;
			productReference = 17D93EDA2527116000E3BBC2 /* Covid19VirusTracker.app */;
			productType = "com.apple.product-type.application";
		};
/* End PBXNativeTarget section */

/* Begin PBXProject section */
		17D93ED22527116000E3BBC2 /* Project object */ = {
			isa = PBXProject;
			attributes = {
				LastSwiftUpdateCheck = 1200;
				LastUpgradeCheck = 1200;
				TargetAttributes = {
					17D93ED92527116000E3BBC2 = {
						CreatedOnToolsVersion = 12.0.1;
					};
				};
			};
			buildConfigurationList = 17D93ED52527116000E3BBC2 /* Build configuration list for PBXProject "Covid19VirusTracker" */;
			compatibilityVersion = "Xcode 9.3";
			developmentRegion = en;
			hasScannedForEncodings = 0;
			knownRegions = (
				en,
				Base,
			);
			mainGroup = 17D93ED12527116000E3BBC2;
			packageReferences = (
				173D56EE2531C7D4006FAD3A /* XCRemoteSwiftPackageReference "ChartView" */,
			);
			productRefGroup = 17D93EDB2527116000E3BBC2 /* Products */;
			projectDirPath = "";
			projectRoot = "";
			targets = (
				17D93ED92527116000E3BBC2 /* Covid19VirusTracker */,
			);
		};
/* End PBXProject section */

/* Begin PBXResourcesBuildPhase section */
		17D93ED82527116000E3BBC2 /* Resources */ = {
			isa = PBXResourcesBuildPhase;
			buildActionMask = 2147483647;
			files = (
				17D93EE52527116200E3BBC2 /* Preview Assets.xcassets in Resources */,
				17D93EE22527116200E3BBC2 /* Assets.xcassets in Resources */,
			);
			runOnlyForDeploymentPostprocessing = 0;
		};
/* End PBXResourcesBuildPhase section */

/* Begin PBXSourcesBuildPhase section */
		17D93ED62527116000E3BBC2 /* Sources */ = {
			isa = PBXSourcesBuildPhase;
			buildActionMask = 2147483647;
			files = (
				17D93EF62527131000E3BBC2 /* WelcomeView.swift in Sources */,
				174E31DF2527BD7500375DC3 /* Country.swift in Sources */,
				1702C2F4255ADF1500493E45 /* FavoriteCountries.swift in Sources */,
				17D93EEA2527116200E3BBC2 /* Covid19VirusTracker.xcdatamodeld in Sources */,
				17590581254AFE9D0067984D /* SoapView.swift in Sources */,
				17D93F01252732E600E3BBC2 /* Webservice.swift in Sources */,
				17590570254AF2D20067984D /* View.swift in Sources */,
				174E31DC2527B3AF00375DC3 /* CovidInfection.swift in Sources */,
				1759057E254AFE890067984D /* AlcoholView.swift in Sources */,
				17FEE496252BBA5C004566D6 /* Constants.swift in Sources */,
				17FEE489252BB8CA004566D6 /* SymptomsView.swift in Sources */,
				1759056C254AF2520067984D /* NavigationBarColor.swift in Sources */,
				17D93EE72527116200E3BBC2 /* Persistence.swift in Sources */,
				17FEE48F252BB942004566D6 /* ReportsView.swift in Sources */,
				17D93EFA252731F500E3BBC2 /* HomeView.swift in Sources */,
				17FEE48C252BB935004566D6 /* PreventionView.swift in Sources */,
				17D93EE02527116000E3BBC2 /* ContentView.swift in Sources */,
				1759057B254AFE610067984D /* GlovesView.swift in Sources */,
				17FEE492252BB962004566D6 /* CountryCovidView.swift in Sources */,
				17D93EDE2527116000E3BBC2 /* Covid19VirusTrackerApp.swift in Sources */,
				174E31ED2527C8DB00375DC3 /* CountryView.swift in Sources */,
				17590574254AF5010067984D /* Color.swift in Sources */,
				17590578254AFD850067984D /* MaskView.swift in Sources */,
			);
			runOnlyForDeploymentPostprocessing = 0;
		};
/* End PBXSourcesBuildPhase section */

/* Begin XCBuildConfiguration section */
		17D93EEC2527116200E3BBC2 /* Debug */ = {
			isa = XCBuildConfiguration;
			buildSettings = {
				ALWAYS_SEARCH_USER_PATHS = NO;
				CLANG_ANALYZER_NONNULL = YES;
				CLANG_ANALYZER_NUMBER_OBJECT_CONVERSION = YES_AGGRESSIVE;
				CLANG_CXX_LANGUAGE_STANDARD = "gnu++14";
				CLANG_CXX_LIBRARY = "libc++";
				CLANG_ENABLE_MODULES = YES;
				CLANG_ENABLE_OBJC_ARC = YES;
				CLANG_ENABLE_OBJC_WEAK = YES;
				CLANG_WARN_BLOCK_CAPTURE_AUTORELEASING = YES;
				CLANG_WARN_BOOL_CONVERSION = YES;
				CLANG_WARN_COMMA = YES;
				CLANG_WARN_CONSTANT_CONVERSION = YES;
				CLANG_WARN_DEPRECATED_OBJC_IMPLEMENTATIONS = YES;
				CLANG_WARN_DIRECT_OBJC_ISA_USAGE = YES_ERROR;
				CLANG_WARN_DOCUMENTATION_COMMENTS = YES;
				CLANG_WARN_EMPTY_BODY = YES;
				CLANG_WARN_ENUM_CONVERSION = YES;
				CLANG_WARN_INFINITE_RECURSION = YES;
				CLANG_WARN_INT_CONVERSION = YES;
				CLANG_WARN_NON_LITERAL_NULL_CONVERSION = YES;
				CLANG_WARN_OBJC_IMPLICIT_RETAIN_SELF = YES;
				CLANG_WARN_OBJC_LITERAL_CONVERSION = YES;
				CLANG_WARN_OBJC_ROOT_CLASS = YES_ERROR;
				CLANG_WARN_QUOTED_INCLUDE_IN_FRAMEWORK_HEADER = YES;
				CLANG_WARN_RANGE_LOOP_ANALYSIS = YES;
				CLANG_WARN_STRICT_PROTOTYPES = YES;
				CLANG_WARN_SUSPICIOUS_MOVE = YES;
				CLANG_WARN_UNGUARDED_AVAILABILITY = YES_AGGRESSIVE;
				CLANG_WARN_UNREACHABLE_CODE = YES;
				CLANG_WARN__DUPLICATE_METHOD_MATCH = YES;
				COPY_PHASE_STRIP = NO;
				DEBUG_INFORMATION_FORMAT = dwarf;
				ENABLE_STRICT_OBJC_MSGSEND = YES;
				ENABLE_TESTABILITY = YES;
				GCC_C_LANGUAGE_STANDARD = gnu11;
				GCC_DYNAMIC_NO_PIC = NO;
				GCC_NO_COMMON_BLOCKS = YES;
				GCC_OPTIMIZATION_LEVEL = 0;
				GCC_PREPROCESSOR_DEFINITIONS = (
					"DEBUG=1",
					"$(inherited)",
				);
				GCC_WARN_64_TO_32_BIT_CONVERSION = YES;
				GCC_WARN_ABOUT_RETURN_TYPE = YES_ERROR;
				GCC_WARN_UNDECLARED_SELECTOR = YES;
				GCC_WARN_UNINITIALIZED_AUTOS = YES_AGGRESSIVE;
				GCC_WARN_UNUSED_FUNCTION = YES;
				GCC_WARN_UNUSED_VARIABLE = YES;
				IPHONEOS_DEPLOYMENT_TARGET = 14.0;
				MTL_ENABLE_DEBUG_INFO = INCLUDE_SOURCE;
				MTL_FAST_MATH = YES;
				ONLY_ACTIVE_ARCH = YES;
				SDKROOT = iphoneos;
				SWIFT_ACTIVE_COMPILATION_CONDITIONS = DEBUG;
				SWIFT_OPTIMIZATION_LEVEL = "-Onone";
			};
			name = Debug;
		};
		17D93EED2527116200E3BBC2 /* Release */ = {
			isa = XCBuildConfiguration;
			buildSettings = {
				ALWAYS_SEARCH_USER_PATHS = NO;
				CLANG_ANALYZER_NONNULL = YES;
				CLANG_ANALYZER_NUMBER_OBJECT_CONVERSION = YES_AGGRESSIVE;
				CLANG_CXX_LANGUAGE_STANDARD = "gnu++14";
				CLANG_CXX_LIBRARY = "libc++";
				CLANG_ENABLE_MODULES = YES;
				CLANG_ENABLE_OBJC_ARC = YES;
				CLANG_ENABLE_OBJC_WEAK = YES;
				CLANG_WARN_BLOCK_CAPTURE_AUTORELEASING = YES;
				CLANG_WARN_BOOL_CONVERSION = YES;
				CLANG_WARN_COMMA = YES;
				CLANG_WARN_CONSTANT_CONVERSION = YES;
				CLANG_WARN_DEPRECATED_OBJC_IMPLEMENTATIONS = YES;
				CLANG_WARN_DIRECT_OBJC_ISA_USAGE = YES_ERROR;
				CLANG_WARN_DOCUMENTATION_COMMENTS = YES;
				CLANG_WARN_EMPTY_BODY = YES;
				CLANG_WARN_ENUM_CONVERSION = YES;
				CLANG_WARN_INFINITE_RECURSION = YES;
				CLANG_WARN_INT_CONVERSION = YES;
				CLANG_WARN_NON_LITERAL_NULL_CONVERSION = YES;
				CLANG_WARN_OBJC_IMPLICIT_RETAIN_SELF = YES;
				CLANG_WARN_OBJC_LITERAL_CONVERSION = YES;
				CLANG_WARN_OBJC_ROOT_CLASS = YES_ERROR;
				CLANG_WARN_QUOTED_INCLUDE_IN_FRAMEWORK_HEADER = YES;
				CLANG_WARN_RANGE_LOOP_ANALYSIS = YES;
				CLANG_WARN_STRICT_PROTOTYPES = YES;
				CLANG_WARN_SUSPICIOUS_MOVE = YES;
				CLANG_WARN_UNGUARDED_AVAILABILITY = YES_AGGRESSIVE;
				CLANG_WARN_UNREACHABLE_CODE = YES;
				CLANG_WARN__DUPLICATE_METHOD_MATCH = YES;
				COPY_PHASE_STRIP = NO;
				DEBUG_INFORMATION_FORMAT = "dwarf-with-dsym";
				ENABLE_NS_ASSERTIONS = NO;
				ENABLE_STRICT_OBJC_MSGSEND = YES;
				GCC_C_LANGUAGE_STANDARD = gnu11;
				GCC_NO_COMMON_BLOCKS = YES;
				GCC_WARN_64_TO_32_BIT_CONVERSION = YES;
				GCC_WARN_ABOUT_RETURN_TYPE = YES_ERROR;
				GCC_WARN_UNDECLARED_SELECTOR = YES;
				GCC_WARN_UNINITIALIZED_AUTOS = YES_AGGRESSIVE;
				GCC_WARN_UNUSED_FUNCTION = YES;
				GCC_WARN_UNUSED_VARIABLE = YES;
				IPHONEOS_DEPLOYMENT_TARGET = 14.0;
				MTL_ENABLE_DEBUG_INFO = NO;
				MTL_FAST_MATH = YES;
				SDKROOT = iphoneos;
				SWIFT_COMPILATION_MODE = wholemodule;
				SWIFT_OPTIMIZATION_LEVEL = "-O";
				VALIDATE_PRODUCT = YES;
			};
			name = Release;
		};
		17D93EEF2527116200E3BBC2 /* Debug */ = {
			isa = XCBuildConfiguration;
			buildSettings = {
				ASSETCATALOG_COMPILER_APPICON_NAME = AppIcon;
				ASSETCATALOG_COMPILER_GLOBAL_ACCENT_COLOR_NAME = AccentColor;
				CODE_SIGN_STYLE = Automatic;
				CURRENT_PROJECT_VERSION = 5;
				DEVELOPMENT_ASSET_PATHS = "\"Covid19VirusTracker/Preview Content\"";
				DEVELOPMENT_TEAM = JB4H896VDB;
				ENABLE_PREVIEWS = YES;
				INFOPLIST_FILE = Covid19VirusTracker/Info.plist;
				IPHONEOS_DEPLOYMENT_TARGET = 14.0;
				LD_RUNPATH_SEARCH_PATHS = (
					"$(inherited)",
					"@executable_path/Frameworks",
				);
				PRODUCT_BUNDLE_IDENTIFIER = com.omer.Covid19VirusTracker;
				PRODUCT_NAME = "$(TARGET_NAME)";
				SWIFT_VERSION = 5.0;
				TARGETED_DEVICE_FAMILY = 1;
			};
			name = Debug;
		};
		17D93EF02527116200E3BBC2 /* Release */ = {
			isa = XCBuildConfiguration;
			buildSettings = {
				ASSETCATALOG_COMPILER_APPICON_NAME = AppIcon;
				ASSETCATALOG_COMPILER_GLOBAL_ACCENT_COLOR_NAME = AccentColor;
				CODE_SIGN_STYLE = Automatic;
				CURRENT_PROJECT_VERSION = 5;
				DEVELOPMENT_ASSET_PATHS = "\"Covid19VirusTracker/Preview Content\"";
				DEVELOPMENT_TEAM = JB4H896VDB;
				ENABLE_PREVIEWS = YES;
				INFOPLIST_FILE = Covid19VirusTracker/Info.plist;
				IPHONEOS_DEPLOYMENT_TARGET = 14.0;
				LD_RUNPATH_SEARCH_PATHS = (
					"$(inherited)",
					"@executable_path/Frameworks",
				);
				PRODUCT_BUNDLE_IDENTIFIER = com.omer.Covid19VirusTracker;
				PRODUCT_NAME = "$(TARGET_NAME)";
				SWIFT_VERSION = 5.0;
				TARGETED_DEVICE_FAMILY = 1;
			};
			name = Release;
		};
/* End XCBuildConfiguration section */

/* Begin XCConfigurationList section */
		17D93ED52527116000E3BBC2 /* Build configuration list for PBXProject "Covid19VirusTracker" */ = {
			isa = XCConfigurationList;
			buildConfigurations = (
				17D93EEC2527116200E3BBC2 /* Debug */,
				17D93EED2527116200E3BBC2 /* Release */,
			);
			defaultConfigurationIsVisible = 0;
			defaultConfigurationName = Release;
		};
		17D93EEE2527116200E3BBC2 /* Build configuration list for PBXNativeTarget "Covid19VirusTracker" */ = {
			isa = XCConfigurationList;
			buildConfigurations = (
				17D93EEF2527116200E3BBC2 /* Debug */,
				17D93EF02527116200E3BBC2 /* Release */,
			);
			defaultConfigurationIsVisible = 0;
			defaultConfigurationName = Release;
		};
/* End XCConfigurationList section */

/* Begin XCRemoteSwiftPackageReference section */
		173D56EE2531C7D4006FAD3A /* XCRemoteSwiftPackageReference "ChartView" */ = {
			isa = XCRemoteSwiftPackageReference;
			repositoryURL = "https://github.com/AppPear/ChartView";
			requirement = {
				kind = upToNextMajorVersion;
				minimumVersion = 1.5.4;
			};
		};
/* End XCRemoteSwiftPackageReference section */

/* Begin XCSwiftPackageProductDependency section */
		173D56EF2531C7D4006FAD3A /* SwiftUICharts */ = {
			isa = XCSwiftPackageProductDependency;
			package = 173D56EE2531C7D4006FAD3A /* XCRemoteSwiftPackageReference "ChartView" */;
			productName = SwiftUICharts;
		};
/* End XCSwiftPackageProductDependency section */

/* Begin XCVersionGroup section */
		17D93EE82527116200E3BBC2 /* Covid19VirusTracker.xcdatamodeld */ = {
			isa = XCVersionGroup;
			children = (
				17D93EE92527116200E3BBC2 /* Covid19VirusTracker.xcdatamodel */,
			);
			currentVersion = 17D93EE92527116200E3BBC2 /* Covid19VirusTracker.xcdatamodel */;
			path = Covid19VirusTracker.xcdatamodeld;
			sourceTree = "<group>";
			versionGroupType = wrapper.xcdatamodel;
		};
/* End XCVersionGroup section */
	};
	rootObject = 17D93ED22527116000E3BBC2 /* Project object */;
}
